Microsoft Visual Studio Solution File, Format Version 12.00
# Visual Studio 2012
Project("{FAE04EC0-301F-11D3-BF4B-00C04F79EFBC}") = "LleuadNetworkSim", "LleuadNetworkSim\LleuadNetworkSim.csproj", "{877CE6F4-01CB-41FC-BCE5-07B6978C03D5}"
EndProject
Project("{FAE04EC0-301F-11D3-BF4B-00C04F79EFBC}") = "ChallengeGenerator", "ChallengeGenerator\ChallengeGenerator.csproj", "{F44149B9-0A73-4CBB-B146-331824EDBF11}"
EndProject
Project("{FAE04EC0-301F-11D3-BF4B-00C04F79EFBC}") = "Common", "Common\Common.csproj", "{721C0EA0-CD80-4E09-9CD7-C341C8B3E0CC}"
EndProject
Global
	GlobalSection(SolutionConfigurationPlatforms) = preSolution
	Debug|Any CPU = Debug|Any CPU
	ExportDebug|Any CPU = ExportDebug|Any CPU
	ExportRelease|Any CPU = ExportRelease|Any CPU
	EndGlobalSection
	GlobalSection(ProjectConfigurationPlatforms) = postSolution
		{877CE6F4-01CB-41FC-BCE5-07B6978C03D5}.Debug|Any CPU.ActiveCfg = Debug|Any CPU
		{877CE6F4-01CB-41FC-BCE5-07B6978C03D5}.Debug|Any CPU.Build.0 = Debug|Any CPU
		{877CE6F4-01CB-41FC-BCE5-07B6978C03D5}.ExportDebug|Any CPU.ActiveCfg = ExportDebug|Any CPU
		{877CE6F4-01CB-41FC-BCE5-07B6978C03D5}.ExportDebug|Any CPU.Build.0 = ExportDebug|Any CPU
		{877CE6F4-01CB-41FC-BCE5-07B6978C03D5}.ExportRelease|Any CPU.ActiveCfg = ExportRelease|Any CPU
		{877CE6F4-01CB-41FC-BCE5-07B6978C03D5}.ExportRelease|Any CPU.Build.0 = ExportRelease|Any CPU
		{F44149B9-0A73-4CBB-B146-331824EDBF11}.Debug|Any CPU.ActiveCfg = Debug|Any CPU
		{F44149B9-0A73-4CBB-B146-331824EDBF11}.Debug|Any CPU.Build.0 = Debug|Any CPU
		{F44149B9-0A73-4CBB-B146-331824EDBF11}.ExportDebug|Any CPU.ActiveCfg = Debug|Any CPU
		{F44149B9-0A73-4CBB-B146-331824EDBF11}.ExportDebug|Any CPU.Build.0 = Debug|Any CPU
		{F44149B9-0A73-4CBB-B146-331824EDBF11}.ExportRelease|Any CPU.ActiveCfg = Debug|Any CPU
		{F44149B9-0A73-4CBB-B146-331824EDBF11}.ExportRelease|Any CPU.Build.0 = Debug|Any CPU
		{721C0EA0-CD80-4E09-9CD7-C341C8B3E0CC}.Debug|Any CPU.ActiveCfg = Debug|Any CPU
		{721C0EA0-CD80-4E09-9CD7-C341C8B3E0CC}.Debug|Any CPU.Build.0 = Debug|Any CPU
		{721C0EA0-CD80-4E09-9CD7-C341C8B3E0CC}.ExportDebug|Any CPU.ActiveCfg = Debug|Any CPU
		{721C0EA0-CD80-4E09-9CD7-C341C8B3E0CC}.ExportDebug|Any CPU.Build.0 = Debug|Any CPU
		{721C0EA0-CD80-4E09-9CD7-C341C8B3E0CC}.ExportRelease|Any CPU.ActiveCfg = Debug|Any CPU
		{721C0EA0-CD80-4E09-9CD7-C341C8B3E0CC}.ExportRelease|Any CPU.Build.0 = Debug|Any CPU
	EndGlobalSection
EndGlobal
